
Microsoft Visual Studio Solution File, Format Version 12.00
# Visual Studio Version 17
VisualStudioVersion = 17.11.35303.130
MinimumVisualStudioVersion = 10.0.40219.1
Project("{2150E333-8FDC-42A3-9474-1A3956D46DE8}") = "Task0", "Task0", "{F7C8906C-BA5D-4A25-BE50-259A6C64CF53}"
EndProject
Project("{9A19103F-16F7-4668-BE54-9A1E7A4F7556}") = "Tyuiu.NazarovaKH.Sprint3.Task0.V1", "Tyuiu.NazarovaKH.Sprint3.Task0.V1\Tyuiu.NazarovaKH.Sprint3.Task0.V1.csproj", "{429073F1-B946-4E36-B5D3-97B5D8C6CB15}"
EndProject
Project("{9A19103F-16F7-4668-BE54-9A1E7A4F7556}") = "Tyuiu.NazarovaKH.Sprint3.Task0.V1.Lib", "Tyuiu.NazarovaKH.Sprint3.Task0.V1.Lib\Tyuiu.NazarovaKH.Sprint3.Task0.V1.Lib.csproj", "{EDAD5E4A-B45C-4781-B738-4905CF892368}"
EndProject
Project("{9A19103F-16F7-4668-BE54-9A1E7A4F7556}") = "Tyuiu.NazarovaKH.Sprint3.Task0.V1.Test", "Tyuiu.NazarovaKH.Sprint3.Task0.V1.Test\Tyuiu.NazarovaKH.Sprint3.Task0.V1.Test.csproj", "{3BBF1EA8-18BB-48DE-8E71-176ADBAC5C1B}"
EndProject
Project("{2150E333-8FDC-42A3-9474-1A3956D46DE8}") = "Task1", "Task1", "{7E542022-DDE5-41FD-BB53-B44D6F193A26}"
EndProject
Project("{FAE04EC0-301F-11D3-BF4B-00C04F79EFBC}") = "Tyuiu.NazarovaKH.Sprint3.Task1.V28", "Tyuiu.NazarovaKH.Sprint3.Task1.V28\Tyuiu.NazarovaKH.Sprint3.Task1.V28.csproj", "{DB476757-6EEF-497C-9FB8-9565E10A5706}"
EndProject
Project("{FAE04EC0-301F-11D3-BF4B-00C04F79EFBC}") = "Tyuiu.NazarovaKH.Sprint3.Task1.V28.Lib", "Tyuiu.NazarovaKH.Sprint3.Task1.V28.Lib\Tyuiu.NazarovaKH.Sprint3.Task1.V28.Lib.csproj", "{B622EDEC-5E62-45FC-B1CD-D3B54BB5AB7C}"
EndProject
Project("{FAE04EC0-301F-11D3-BF4B-00C04F79EFBC}") = "Tyuiu.NazarovaKH.Sprint3.Task1.V28.Test", "Tyuiu.NazarovaKH.Sprint3.Task1.V28.Test\Tyuiu.NazarovaKH.Sprint3.Task1.V28.Test.csproj", "{E1EFAF05-9076-487B-B462-D570548DC04B}"
EndProject
Project("{2150E333-8FDC-42A3-9474-1A3956D46DE8}") = "Task2", "Task2", "{BDDE1763-A549-4B43-B3DC-9458C0668050}"
EndProject
Project("{FAE04EC0-301F-11D3-BF4B-00C04F79EFBC}") = "Tyuiu.NazarovaKH.Sprint3.Task2.V12", "Tyuiu.NazarovaKH.Sprint3.Task2.V12\Tyuiu.NazarovaKH.Sprint3.Task2.V12.csproj", "{38062FB5-28D2-4799-BA43-1A42CEF71B5D}"
EndProject
Project("{FAE04EC0-301F-11D3-BF4B-00C04F79EFBC}") = "Tyuiu.NazarovaKH.Sprint3.Task2.V12.Lib", "Tyuiu.NazarovaKH.Sprint3.Task2.V12.Lib\Tyuiu.NazarovaKH.Sprint3.Task2.V12.Lib.csproj", "{BAD7A097-C52D-43D3-806C-1F9F0710777C}"
EndProject
Project("{FAE04EC0-301F-11D3-BF4B-00C04F79EFBC}") = "Tyuiu.NazarovaKH.Sprint3.Task2.V12.Test", "Tyuiu.NazarovaKH.Sprint3.Task2.V12.Test\Tyuiu.NazarovaKH.Sprint3.Task2.V12.Test.csproj", "{63CF6020-60DF-4B1E-BBC4-1DDC5EF5CB72}"
EndProject
Project("{2150E333-8FDC-42A3-9474-1A3956D46DE8}") = "Task3", "Task3", "{EA7BC4B5-8C06-4B92-82D7-4A6202B0C3A5}"
EndProject
Project("{FAE04EC0-301F-11D3-BF4B-00C04F79EFBC}") = "Tyuiu.NazarovaKH.Sprint3.Task3.V5", "Tyuiu.NazarovaKH.Sprint3.Task3.V5\Tyuiu.NazarovaKH.Sprint3.Task3.V5.csproj", "{175B6CB5-E0DF-4E31-9DC7-4F3B59529672}"
EndProject
Project("{FAE04EC0-301F-11D3-BF4B-00C04F79EFBC}") = "Tyuiu.NazarovaKH.Sprint3.Task3.V5.Lib", "Tyuiu.NazarovaKH.Sprint3.Task3.V5.Lib\Tyuiu.NazarovaKH.Sprint3.Task3.V5.Lib.csproj", "{FE7BC342-6170-486F-B152-60131B8FAE65}"
EndProject
Project("{FAE04EC0-301F-11D3-BF4B-00C04F79EFBC}") = "Tyuiu.NazarovaKH.Sprint3.Task3.V5.Test", "Tyuiu.NazarovaKH.Sprint3.Task3.V5.Test\Tyuiu.NazarovaKH.Sprint3.Task3.V5.Test.csproj", "{C616A54D-5B5D-41C4-8408-775762139C31}"
EndProject
Global
	GlobalSection(SolutionConfigurationPlatforms) = preSolution
		Debug|Any CPU = Debug|Any CPU
		Release|Any CPU = Release|Any CPU
	EndGlobalSection
	GlobalSection(ProjectConfigurationPlatforms) = postSolution
		{429073F1-B946-4E36-B5D3-97B5D8C6CB15}.Debug|Any CPU.ActiveCfg = Debug|Any CPU
		{429073F1-B946-4E36-B5D3-97B5D8C6CB15}.Debug|Any CPU.Build.0 = Debug|Any CPU
		{429073F1-B946-4E36-B5D3-97B5D8C6CB15}.Release|Any CPU.ActiveCfg = Release|Any CPU
		{429073F1-B946-4E36-B5D3-97B5D8C6CB15}.Release|Any CPU.Build.0 = Release|Any CPU
		{EDAD5E4A-B45C-4781-B738-4905CF892368}.Debug|Any CPU.ActiveCfg = Debug|Any CPU
		{EDAD5E4A-B45C-4781-B738-4905CF892368}.Debug|Any CPU.Build.0 = Debug|Any CPU
		{EDAD5E4A-B45C-4781-B738-4905CF892368}.Release|Any CPU.ActiveCfg = Release|Any CPU
		{EDAD5E4A-B45C-4781-B738-4905CF892368}.Release|Any CPU.Build.0 = Release|Any CPU
		{3BBF1EA8-18BB-48DE-8E71-176ADBAC5C1B}.Debug|Any CPU.ActiveCfg = Debug|Any CPU
		{3BBF1EA8-18BB-48DE-8E71-176ADBAC5C1B}.Debug|Any CPU.Build.0 = Debug|Any CPU
		{3BBF1EA8-18BB-48DE-8E71-176ADBAC5C1B}.Release|Any CPU.ActiveCfg = Release|Any CPU
		{3BBF1EA8-18BB-48DE-8E71-176ADBAC5C1B}.Release|Any CPU.Build.0 = Release|Any CPU
		{DB476757-6EEF-497C-9FB8-9565E10A5706}.Debug|Any CPU.ActiveCfg = Debug|Any CPU
		{DB476757-6EEF-497C-9FB8-9565E10A5706}.Debug|Any CPU.Build.0 = Debug|Any CPU
		{DB476757-6EEF-497C-9FB8-9565E10A5706}.Release|Any CPU.ActiveCfg = Release|Any CPU
		{DB476757-6EEF-497C-9FB8-9565E10A5706}.Release|Any CPU.Build.0 = Release|Any CPU
		{B622EDEC-5E62-45FC-B1CD-D3B54BB5AB7C}.Debug|Any CPU.ActiveCfg = Debug|Any CPU
		{B622EDEC-5E62-45FC-B1CD-D3B54BB5AB7C}.Debug|Any CPU.Build.0 = Debug|Any CPU
		{B622EDEC-5E62-45FC-B1CD-D3B54BB5AB7C}.Release|Any CPU.ActiveCfg = Release|Any CPU
		{B622EDEC-5E62-45FC-B1CD-D3B54BB5AB7C}.Release|Any CPU.Build.0 = Release|Any CPU
		{E1EFAF05-9076-487B-B462-D570548DC04B}.Debug|Any CPU.ActiveCfg = Debug|Any CPU
		{E1EFAF05-9076-487B-B462-D570548DC04B}.Debug|Any CPU.Build.0 = Debug|Any CPU
		{E1EFAF05-9076-487B-B462-D570548DC04B}.Release|Any CPU.ActiveCfg = Release|Any CPU
		{E1EFAF05-9076-487B-B462-D570548DC04B}.Release|Any CPU.Build.0 = Release|Any CPU
		{38062FB5-28D2-4799-BA43-1A42CEF71B5D}.Debug|Any CPU.ActiveCfg = Debug|Any CPU
		{38062FB5-28D2-4799-BA43-1A42CEF71B5D}.Debug|Any CPU.Build.0 = Debug|Any CPU
		{38062FB5-28D2-4799-BA43-1A42CEF71B5D}.Release|Any CPU.ActiveCfg = Release|Any CPU
		{38062FB5-28D2-4799-BA43-1A42CEF71B5D}.Release|Any CPU.Build.0 = Release|Any CPU
		{BAD7A097-C52D-43D3-806C-1F9F0710777C}.Debug|Any CPU.ActiveCfg = Debug|Any CPU
		{BAD7A097-C52D-43D3-806C-1F9F0710777C}.Debug|Any CPU.Build.0 = Debug|Any CPU
		{BAD7A097-C52D-43D3-806C-1F9F0710777C}.Release|Any CPU.ActiveCfg = Release|Any CPU
		{BAD7A097-C52D-43D3-806C-1F9F0710777C}.Release|Any CPU.Build.0 = Release|Any CPU
		{63CF6020-60DF-4B1E-BBC4-1DDC5EF5CB72}.Debug|Any CPU.ActiveCfg = Debug|Any CPU
		{63CF6020-60DF-4B1E-BBC4-1DDC5EF5CB72}.Debug|Any CPU.Build.0 = Debug|Any CPU
		{63CF6020-60DF-4B1E-BBC4-1DDC5EF5CB72}.Release|Any CPU.ActiveCfg = Release|Any CPU
		{63CF6020-60DF-4B1E-BBC4-1DDC5EF5CB72}.Release|Any CPU.Build.0 = Release|Any CPU
		{175B6CB5-E0DF-4E31-9DC7-4F3B59529672}.Debug|Any CPU.ActiveCfg = Debug|Any CPU
		{175B6CB5-E0DF-4E31-9DC7-4F3B59529672}.Debug|Any CPU.Build.0 = Debug|Any CPU
		{175B6CB5-E0DF-4E31-9DC7-4F3B59529672}.Release|Any CPU.ActiveCfg = Release|Any CPU
		{175B6CB5-E0DF-4E31-9DC7-4F3B59529672}.Release|Any CPU.Build.0 = Release|Any CPU
		{FE7BC342-6170-486F-B152-60131B8FAE65}.Debug|Any CPU.ActiveCfg = Debug|Any CPU
		{FE7BC342-6170-486F-B152-60131B8FAE65}.Debug|Any CPU.Build.0 = Debug|Any CPU
		{FE7BC342-6170-486F-B152-60131B8FAE65}.Release|Any CPU.ActiveCfg = Release|Any CPU
		{FE7BC342-6170-486F-B152-60131B8FAE65}.Release|Any CPU.Build.0 = Release|Any CPU
		{C616A54D-5B5D-41C4-8408-775762139C31}.Debug|Any CPU.ActiveCfg = Debug|Any CPU
		{C616A54D-5B5D-41C4-8408-775762139C31}.Debug|Any CPU.Build.0 = Debug|Any CPU
		{C616A54D-5B5D-41C4-8408-775762139C31}.Release|Any CPU.ActiveCfg = Release|Any CPU
		{C616A54D-5B5D-41C4-8408-775762139C31}.Release|Any CPU.Build.0 = Release|Any CPU
	EndGlobalSection
	GlobalSection(SolutionProperties) = preSolution
		HideSolutionNode = FALSE
	EndGlobalSection
	GlobalSection(NestedProjects) = preSolution
		{429073F1-B946-4E36-B5D3-97B5D8C6CB15} = {F7C8906C-BA5D-4A25-BE50-259A6C64CF53}
		{EDAD5E4A-B45C-4781-B738-4905CF892368} = {F7C8906C-BA5D-4A25-BE50-259A6C64CF53}
		{3BBF1EA8-18BB-48DE-8E71-176ADBAC5C1B} = {F7C8906C-BA5D-4A25-BE50-259A6C64CF53}
		{DB476757-6EEF-497C-9FB8-9565E10A5706} = {7E542022-DDE5-41FD-BB53-B44D6F193A26}
		{B622EDEC-5E62-45FC-B1CD-D3B54BB5AB7C} = {7E542022-DDE5-41FD-BB53-B44D6F193A26}
		{E1EFAF05-9076-487B-B462-D570548DC04B} = {7E542022-DDE5-41FD-BB53-B44D6F193A26}
		{38062FB5-28D2-4799-BA43-1A42CEF71B5D} = {BDDE1763-A549-4B43-B3DC-9458C0668050}
		{BAD7A097-C52D-43D3-806C-1F9F0710777C} = {BDDE1763-A549-4B43-B3DC-9458C0668050}
		{63CF6020-60DF-4B1E-BBC4-1DDC5EF5CB72} = {BDDE1763-A549-4B43-B3DC-9458C0668050}
		{175B6CB5-E0DF-4E31-9DC7-4F3B59529672} = {EA7BC4B5-8C06-4B92-82D7-4A6202B0C3A5}
		{FE7BC342-6170-486F-B152-60131B8FAE65} = {EA7BC4B5-8C06-4B92-82D7-4A6202B0C3A5}
		{C616A54D-5B5D-41C4-8408-775762139C31} = {EA7BC4B5-8C06-4B92-82D7-4A6202B0C3A5}
	EndGlobalSection
	GlobalSection(ExtensibilityGlobals) = postSolution
		SolutionGuid = {BE960B54-A7F1-4B68-BDF1-35E9018754CF}
	EndGlobalSection
EndGlobal
